%{
  "certifi": {:hex, :certifi, "2.4.2", "75424ff0f3baaccfd34b1214184b6ef616d89e420b258bb0a5ea7d7bc628f7f0", [:rebar3], [{:parse_trans, "~>3.3", [hex: :parse_trans, repo: "hexpm", optional: false]}], "hexpm"},
  "elasticsearch": {:hex, :elasticsearch, "0.6.0", "bfc8841e31ccfaabeab69f4a7c6af2ea1edc17a3d36acf4a7407835492376e5b", [:mix], [{:httpoison, ">= 0.0.0", [hex: :httpoison, repo: "hexpm", optional: false]}, {:maybe, "~> 1.0.0", [hex: :maybe, repo: "hexpm", optional: false]}, {:poison, ">= 0.0.0", [hex: :poison, repo: "hexpm", optional: true]}, {:vex, "~> 0.6.0", [hex: :vex, repo: "hexpm", optional: false]}], "hexpm"},
  "exjsx": {:hex, :exjsx, "3.2.1", "1bc5bf1e4fd249104178f0885030bcd75a4526f4d2a1e976f4b428d347614f0f", [:mix], [{:jsx, "~> 2.8.0", [hex: :jsx, repo: "hexpm", optional: false]}], "hexpm"},
  "flow": {:hex, :flow, "0.14.3", "0d92991fe53035894d24aa8dec10dcfccf0ae00c4ed436ace3efa9813a646902", [], [{:gen_stage, "~> 0.14.0", [hex: :gen_stage, repo: "hexpm", optional: false]}], "hexpm"},
  "gen_stage": {:hex, :gen_stage, "0.14.1", "9d46723fda072d4f4bb31a102560013f7960f5d80ea44dcb96fd6304ed61e7a4", [], [], "hexpm"},
  "hackney": {:hex, :hackney, "1.14.3", "b5f6f5dcc4f1fba340762738759209e21914516df6be440d85772542d4a5e412", [:rebar3], [{:certifi, "2.4.2", [hex: :certifi, repo: "hexpm", optional: false]}, {:idna, "6.0.0", [hex: :idna, repo: "hexpm", optional: false]}, {:metrics, "1.0.1", [hex: :metrics, repo: "hexpm", optional: false]}, {:mimerl, "1.0.2", [hex: :mimerl, repo: "hexpm", optional: false]}, {:ssl_verify_fun, "1.1.4", [hex: :ssl_verify_fun, repo: "hexpm", optional: false]}], "hexpm"},
  "httpoison": {:hex, :httpoison, "1.4.0", "e0b3c2ad6fa573134e42194d13e925acfa8f89d138bc621ffb7b1989e6d22e73", [:mix], [{:hackney, "~> 1.8", [hex: :hackney, repo: "hexpm", optional: false]}], "hexpm"},
  "idna": {:hex, :idna, "6.0.0", "689c46cbcdf3524c44d5f3dde8001f364cd7608a99556d8fbd8239a5798d4c10", [:rebar3], [{:unicode_util_compat, "0.4.1", [hex: :unicode_util_compat, repo: "hexpm", optional: false]}], "hexpm"},
  "jsx": {:hex, :jsx, "2.8.3", "a05252d381885240744d955fbe3cf810504eb2567164824e19303ea59eef62cf", [:mix, :rebar3], [], "hexpm"},
  "maybe": {:hex, :maybe, "1.0.0", "65311dd7e16659579116666b268d03d7e1d1b3da8776c81a6b199de7177b43d6", [:mix], [], "hexpm"},
  "metrics": {:hex, :metrics, "1.0.1", "25f094dea2cda98213cecc3aeff09e940299d950904393b2a29d191c346a8486", [:rebar3], [], "hexpm"},
  "mimerl": {:hex, :mimerl, "1.0.2", "993f9b0e084083405ed8252b99460c4f0563e41729ab42d9074fd5e52439be88", [:rebar3], [], "hexpm"},
  "mox": {:hex, :mox, "0.4.0", "7f120840f7d626184a3d65de36189ca6f37d432e5d63acd80045198e4c5f7e6e", [:mix], [], "hexpm"},
  "parse_trans": {:hex, :parse_trans, "3.3.0", "09765507a3c7590a784615cfd421d101aec25098d50b89d7aa1d66646bc571c1", [:rebar3], [], "hexpm"},
  "poison": {:hex, :poison, "4.0.1", "bcb755a16fac91cad79bfe9fc3585bb07b9331e50cfe3420a24bcc2d735709ae", [:mix], [], "hexpm"},
  "remix": {:hex, :remix, "0.0.2", "f06115659d8ede8d725fae1708920ef73353a1b39efe6a232d2a38b1f2902109", [:mix], [], "hexpm"},
  "ssl_verify_fun": {:hex, :ssl_verify_fun, "1.1.4", "f0eafff810d2041e93f915ef59899c923f4568f4585904d010387ed74988e77b", [:make, :mix, :rebar3], [], "hexpm"},
  "tirexs": {:hex, :tirexs, "0.8.15", "a8238e780420589e184b69e8381f5bf20fce4ce22d7a044f8f496f191833a9c8", [:mix], [{:exjsx, "~> 3.2.0", [hex: :exjsx, repo: "hexpm", optional: false]}], "hexpm"},
  "unicode_util_compat": {:hex, :unicode_util_compat, "0.4.1", "d869e4c68901dd9531385bb0c8c40444ebf624e60b6962d95952775cac5e90cd", [:rebar3], [], "hexpm"},
  "vex": {:hex, :vex, "0.6.0", "4e79b396b2ec18cd909eed0450b19108d9631842598d46552dc05031100b7a56", [:mix], [], "hexpm"},
}
